
Microsoft Visual Studio Solution File, Format Version 12.00
# Visual Studio Version 16
VisualStudioVersion = 16.0.30717.126
MinimumVisualStudioVersion = 10.0.40219.1
Project("{FAE04EC0-301F-11D3-BF4B-00C04F79EFBC}") = "Homework_4_1", "Homework_4_1\Homework_4_1.csproj", "{9AAB596D-3B04-4D03-A8B7-20D898C7BC18}"
EndProject
Global
	GlobalSection(SolutionConfigurationPlatforms) = preSolution
		Debug|Any CPU = Debug|Any CPU
		Release|Any CPU = Release|Any CPU
	EndGlobalSection
	GlobalSection(ProjectConfigurationPlatforms) = postSolution
		{9AAB596D-3B04-4D03-A8B7-20D898C7BC18}.Debug|Any CPU.ActiveCfg = Debug|Any CPU
		{9AAB596D-3B04-4D03-A8B7-20D898C7BC18}.Debug|Any CPU.Build.0 = Debug|Any CPU
		{9AAB596D-3B04-4D03-A8B7-20D898C7BC18}.Release|Any CPU.ActiveCfg = Release|Any CPU
		{9AAB596D-3B04-4D03-A8B7-20D898C7BC18}.Release|Any CPU.Build.0 = Release|Any CPU
	EndGlobalSection
	GlobalSection(SolutionProperties) = preSolution
		HideSolutionNode = FALSE
	EndGlobalSection
	GlobalSection(ExtensibilityGlobals) = postSolution
		SolutionGuid = {3EE1011F-478D-432B-89E6-A2C0554B9B87}
	EndGlobalSection
EndGlobal
